
Microsoft Visual Studio Solution File, Format Version 12.00
# Visual Studio Version 16
VisualStudioVersion = 16.0.31105.61
MinimumVisualStudioVersion = 10.0.40219.1
Project("{FAE04EC0-301F-11D3-BF4B-00C04F79EFBC}") = "photonss", "photonss\photonss.csproj", "{9094B945-A487-4844-9C28-E6919F686235}"
EndProject
Project("{9A19103F-16F7-4668-BE54-9A1E7A4F7556}") = "Raytracer", "Raytracer\Raytracer.csproj", "{BFBB62E2-3542-41E8-83F5-376CFE3D2EC9}"
EndProject
Global
	GlobalSection(SolutionConfigurationPlatforms) = preSolution
		Debug|Any CPU = Debug|Any CPU
		Release|Any CPU = Release|Any CPU
	EndGlobalSection
	GlobalSection(ProjectConfigurationPlatforms) = postSolution
		{9094B945-A487-4844-9C28-E6919F686235}.Debug|Any CPU.ActiveCfg = Debug|Any CPU
		{9094B945-A487-4844-9C28-E6919F686235}.Debug|Any CPU.Build.0 = Debug|Any CPU
		{9094B945-A487-4844-9C28-E6919F686235}.Release|Any CPU.ActiveCfg = Release|Any CPU
		{9094B945-A487-4844-9C28-E6919F686235}.Release|Any CPU.Build.0 = Release|Any CPU
		{BFBB62E2-3542-41E8-83F5-376CFE3D2EC9}.Debug|Any CPU.ActiveCfg = Debug|Any CPU
		{BFBB62E2-3542-41E8-83F5-376CFE3D2EC9}.Debug|Any CPU.Build.0 = Debug|Any CPU
		{BFBB62E2-3542-41E8-83F5-376CFE3D2EC9}.Release|Any CPU.ActiveCfg = Release|Any CPU
		{BFBB62E2-3542-41E8-83F5-376CFE3D2EC9}.Release|Any CPU.Build.0 = Release|Any CPU
	EndGlobalSection
	GlobalSection(SolutionProperties) = preSolution
		HideSolutionNode = FALSE
	EndGlobalSection
	GlobalSection(ExtensibilityGlobals) = postSolution
		SolutionGuid = {CD44A33E-2B8F-4B5C-BDB0-65690A85DAF2}
	EndGlobalSection
EndGlobal
