
Microsoft Visual Studio Solution File, Format Version 12.00
# Visual Studio Version 16
VisualStudioVersion = 16.0.31105.61
MinimumVisualStudioVersion = 10.0.40219.1
Project("{FAE04EC0-301F-11D3-BF4B-00C04F79EFBC}") = "Raytracer", "Raytracer.csproj", "{4791E800-B383-4F12-B8F1-577511C0CCC0}"
EndProject
Global
	GlobalSection(SolutionConfigurationPlatforms) = preSolution
		Debug|Any CPU = Debug|Any CPU
		Release|Any CPU = Release|Any CPU
	EndGlobalSection
	GlobalSection(ProjectConfigurationPlatforms) = postSolution
		{4791E800-B383-4F12-B8F1-577511C0CCC0}.Debug|Any CPU.ActiveCfg = Debug|Any CPU
		{4791E800-B383-4F12-B8F1-577511C0CCC0}.Debug|Any CPU.Build.0 = Debug|Any CPU
		{4791E800-B383-4F12-B8F1-577511C0CCC0}.Release|Any CPU.ActiveCfg = Release|Any CPU
		{4791E800-B383-4F12-B8F1-577511C0CCC0}.Release|Any CPU.Build.0 = Release|Any CPU
	EndGlobalSection
	GlobalSection(SolutionProperties) = preSolution
		HideSolutionNode = FALSE
	EndGlobalSection
	GlobalSection(ExtensibilityGlobals) = postSolution
		SolutionGuid = {943206E5-A6CC-4177-80D9-59147462BF55}
	EndGlobalSection
EndGlobal
